
Microsoft Visual Studio Solution File, Format Version 12.00
# Visual Studio 14
VisualStudioVersion = 14.0.25420.1
MinimumVisualStudioVersion = 10.0.40219.1
Project("{FAE04EC0-301F-11D3-BF4B-00C04F79EFBC}") = "CnBlogs", "cnblogs\CnBlogs.csproj", "{0C5D8B40-816E-46EE-92DC-93A11A4F11F1}"
EndProject
Project("{FAE04EC0-301F-11D3-BF4B-00C04F79EFBC}") = "CnBlogs.Service", "cnblogs.Service\CnBlogs.Service.csproj", "{313CB9FA-B21A-4448-8330-2E889D7CC8C2}"
EndProject
Project("{FAE04EC0-301F-11D3-BF4B-00C04F79EFBC}") = "CnBlogs.Common", "cnblogs.Common\CnBlogs.Common.csproj", "{F4A5D8AB-AF8A-49DD-BB05-AFC7BA89EEF8}"
EndProject
Project("{FAE04EC0-301F-11D3-BF4B-00C04F79EFBC}") = "CnBlogs.Core", "cnblogs.Core\CnBlogs.Core.csproj", "{F980F830-4CD5-4276-B4B2-7197E7691F53}"
EndProject
Project("{FAE04EC0-301F-11D3-BF4B-00C04F79EFBC}") = "CnBlogs.Entities", "Cnblogs.Entities\CnBlogs.Entities.csproj", "{98CDC108-B51F-467A-9693-DB79BBD3C657}"
EndProject
Global
	GlobalSection(SolutionConfigurationPlatforms) = preSolution
		Debug|Any CPU = Debug|Any CPU
		Debug|ARM = Debug|ARM
		Debug|x64 = Debug|x64
		Debug|x86 = Debug|x86
		Release|Any CPU = Release|Any CPU
		Release|ARM = Release|ARM
		Release|x64 = Release|x64
		Release|x86 = Release|x86
	EndGlobalSection
	GlobalSection(ProjectConfigurationPlatforms) = postSolution
		{0C5D8B40-816E-46EE-92DC-93A11A4F11F1}.Debug|Any CPU.ActiveCfg = Debug|x86
		{0C5D8B40-816E-46EE-92DC-93A11A4F11F1}.Debug|ARM.ActiveCfg = Debug|ARM
		{0C5D8B40-816E-46EE-92DC-93A11A4F11F1}.Debug|ARM.Build.0 = Debug|ARM
		{0C5D8B40-816E-46EE-92DC-93A11A4F11F1}.Debug|ARM.Deploy.0 = Debug|ARM
		{0C5D8B40-816E-46EE-92DC-93A11A4F11F1}.Debug|x64.ActiveCfg = Debug|x64
		{0C5D8B40-816E-46EE-92DC-93A11A4F11F1}.Debug|x64.Build.0 = Debug|x64
		{0C5D8B40-816E-46EE-92DC-93A11A4F11F1}.Debug|x64.Deploy.0 = Debug|x64
		{0C5D8B40-816E-46EE-92DC-93A11A4F11F1}.Debug|x86.ActiveCfg = Debug|x86
		{0C5D8B40-816E-46EE-92DC-93A11A4F11F1}.Debug|x86.Build.0 = Debug|x86
		{0C5D8B40-816E-46EE-92DC-93A11A4F11F1}.Debug|x86.Deploy.0 = Debug|x86
		{0C5D8B40-816E-46EE-92DC-93A11A4F11F1}.Release|Any CPU.ActiveCfg = Release|x86
		{0C5D8B40-816E-46EE-92DC-93A11A4F11F1}.Release|ARM.ActiveCfg = Release|ARM
		{0C5D8B40-816E-46EE-92DC-93A11A4F11F1}.Release|ARM.Build.0 = Release|ARM
		{0C5D8B40-816E-46EE-92DC-93A11A4F11F1}.Release|ARM.Deploy.0 = Release|ARM
		{0C5D8B40-816E-46EE-92DC-93A11A4F11F1}.Release|x64.ActiveCfg = Release|x64
		{0C5D8B40-816E-46EE-92DC-93A11A4F11F1}.Release|x64.Build.0 = Release|x64
		{0C5D8B40-816E-46EE-92DC-93A11A4F11F1}.Release|x64.Deploy.0 = Release|x64
		{0C5D8B40-816E-46EE-92DC-93A11A4F11F1}.Release|x86.ActiveCfg = Release|x86
		{0C5D8B40-816E-46EE-92DC-93A11A4F11F1}.Release|x86.Build.0 = Release|x86
		{0C5D8B40-816E-46EE-92DC-93A11A4F11F1}.Release|x86.Deploy.0 = Release|x86
		{313CB9FA-B21A-4448-8330-2E889D7CC8C2}.Debug|Any CPU.ActiveCfg = Debug|Any CPU
		{313CB9FA-B21A-4448-8330-2E889D7CC8C2}.Debug|Any CPU.Build.0 = Debug|Any CPU
		{313CB9FA-B21A-4448-8330-2E889D7CC8C2}.Debug|ARM.ActiveCfg = Debug|ARM
		{313CB9FA-B21A-4448-8330-2E889D7CC8C2}.Debug|ARM.Build.0 = Debug|ARM
		{313CB9FA-B21A-4448-8330-2E889D7CC8C2}.Debug|x64.ActiveCfg = Debug|x64
		{313CB9FA-B21A-4448-8330-2E889D7CC8C2}.Debug|x64.Build.0 = Debug|x64
		{313CB9FA-B21A-4448-8330-2E889D7CC8C2}.Debug|x86.ActiveCfg = Debug|x86
		{313CB9FA-B21A-4448-8330-2E889D7CC8C2}.Debug|x86.Build.0 = Debug|x86
		{313CB9FA-B21A-4448-8330-2E889D7CC8C2}.Release|Any CPU.ActiveCfg = Release|Any CPU
		{313CB9FA-B21A-4448-8330-2E889D7CC8C2}.Release|Any CPU.Build.0 = Release|Any CPU
		{313CB9FA-B21A-4448-8330-2E889D7CC8C2}.Release|ARM.ActiveCfg = Release|ARM
		{313CB9FA-B21A-4448-8330-2E889D7CC8C2}.Release|ARM.Build.0 = Release|ARM
		{313CB9FA-B21A-4448-8330-2E889D7CC8C2}.Release|x64.ActiveCfg = Release|x64
		{313CB9FA-B21A-4448-8330-2E889D7CC8C2}.Release|x64.Build.0 = Release|x64
		{313CB9FA-B21A-4448-8330-2E889D7CC8C2}.Release|x86.ActiveCfg = Release|x86
		{313CB9FA-B21A-4448-8330-2E889D7CC8C2}.Release|x86.Build.0 = Release|x86
		{F4A5D8AB-AF8A-49DD-BB05-AFC7BA89EEF8}.Debug|Any CPU.ActiveCfg = Debug|Any CPU
		{F4A5D8AB-AF8A-49DD-BB05-AFC7BA89EEF8}.Debug|Any CPU.Build.0 = Debug|Any CPU
		{F4A5D8AB-AF8A-49DD-BB05-AFC7BA89EEF8}.Debug|ARM.ActiveCfg = Debug|ARM
		{F4A5D8AB-AF8A-49DD-BB05-AFC7BA89EEF8}.Debug|ARM.Build.0 = Debug|ARM
		{F4A5D8AB-AF8A-49DD-BB05-AFC7BA89EEF8}.Debug|x64.ActiveCfg = Debug|x64
		{F4A5D8AB-AF8A-49DD-BB05-AFC7BA89EEF8}.Debug|x64.Build.0 = Debug|x64
		{F4A5D8AB-AF8A-49DD-BB05-AFC7BA89EEF8}.Debug|x86.ActiveCfg = Debug|x86
		{F4A5D8AB-AF8A-49DD-BB05-AFC7BA89EEF8}.Debug|x86.Build.0 = Debug|x86
		{F4A5D8AB-AF8A-49DD-BB05-AFC7BA89EEF8}.Release|Any CPU.ActiveCfg = Release|Any CPU
		{F4A5D8AB-AF8A-49DD-BB05-AFC7BA89EEF8}.Release|Any CPU.Build.0 = Release|Any CPU
		{F4A5D8AB-AF8A-49DD-BB05-AFC7BA89EEF8}.Release|ARM.ActiveCfg = Release|ARM
		{F4A5D8AB-AF8A-49DD-BB05-AFC7BA89EEF8}.Release|ARM.Build.0 = Release|ARM
		{F4A5D8AB-AF8A-49DD-BB05-AFC7BA89EEF8}.Release|x64.ActiveCfg = Release|x64
		{F4A5D8AB-AF8A-49DD-BB05-AFC7BA89EEF8}.Release|x64.Build.0 = Release|x64
		{F4A5D8AB-AF8A-49DD-BB05-AFC7BA89EEF8}.Release|x86.ActiveCfg = Release|x86
		{F4A5D8AB-AF8A-49DD-BB05-AFC7BA89EEF8}.Release|x86.Build.0 = Release|x86
		{F980F830-4CD5-4276-B4B2-7197E7691F53}.Debug|Any CPU.ActiveCfg = Debug|Any CPU
		{F980F830-4CD5-4276-B4B2-7197E7691F53}.Debug|Any CPU.Build.0 = Debug|Any CPU
		{F980F830-4CD5-4276-B4B2-7197E7691F53}.Debug|ARM.ActiveCfg = Debug|ARM
		{F980F830-4CD5-4276-B4B2-7197E7691F53}.Debug|ARM.Build.0 = Debug|ARM
		{F980F830-4CD5-4276-B4B2-7197E7691F53}.Debug|x64.ActiveCfg = Debug|x64
		{F980F830-4CD5-4276-B4B2-7197E7691F53}.Debug|x64.Build.0 = Debug|x64
		{F980F830-4CD5-4276-B4B2-7197E7691F53}.Debug|x86.ActiveCfg = Debug|x86
		{F980F830-4CD5-4276-B4B2-7197E7691F53}.Debug|x86.Build.0 = Debug|x86
		{F980F830-4CD5-4276-B4B2-7197E7691F53}.Release|Any CPU.ActiveCfg = Release|Any CPU
		{F980F830-4CD5-4276-B4B2-7197E7691F53}.Release|Any CPU.Build.0 = Release|Any CPU
		{F980F830-4CD5-4276-B4B2-7197E7691F53}.Release|ARM.ActiveCfg = Release|ARM
		{F980F830-4CD5-4276-B4B2-7197E7691F53}.Release|ARM.Build.0 = Release|ARM
		{F980F830-4CD5-4276-B4B2-7197E7691F53}.Release|x64.ActiveCfg = Release|x64
		{F980F830-4CD5-4276-B4B2-7197E7691F53}.Release|x64.Build.0 = Release|x64
		{F980F830-4CD5-4276-B4B2-7197E7691F53}.Release|x86.ActiveCfg = Release|x86
		{F980F830-4CD5-4276-B4B2-7197E7691F53}.Release|x86.Build.0 = Release|x86
		{98CDC108-B51F-467A-9693-DB79BBD3C657}.Debug|Any CPU.ActiveCfg = Debug|Any CPU
		{98CDC108-B51F-467A-9693-DB79BBD3C657}.Debug|Any CPU.Build.0 = Debug|Any CPU
		{98CDC108-B51F-467A-9693-DB79BBD3C657}.Debug|ARM.ActiveCfg = Debug|ARM
		{98CDC108-B51F-467A-9693-DB79BBD3C657}.Debug|ARM.Build.0 = Debug|ARM
		{98CDC108-B51F-467A-9693-DB79BBD3C657}.Debug|x64.ActiveCfg = Debug|x64
		{98CDC108-B51F-467A-9693-DB79BBD3C657}.Debug|x64.Build.0 = Debug|x64
		{98CDC108-B51F-467A-9693-DB79BBD3C657}.Debug|x86.ActiveCfg = Debug|x86
		{98CDC108-B51F-467A-9693-DB79BBD3C657}.Debug|x86.Build.0 = Debug|x86
		{98CDC108-B51F-467A-9693-DB79BBD3C657}.Release|Any CPU.ActiveCfg = Release|Any CPU
		{98CDC108-B51F-467A-9693-DB79BBD3C657}.Release|Any CPU.Build.0 = Release|Any CPU
		{98CDC108-B51F-467A-9693-DB79BBD3C657}.Release|ARM.ActiveCfg = Release|ARM
		{98CDC108-B51F-467A-9693-DB79BBD3C657}.Release|ARM.Build.0 = Release|ARM
		{98CDC108-B51F-467A-9693-DB79BBD3C657}.Release|x64.ActiveCfg = Release|x64
		{98CDC108-B51F-467A-9693-DB79BBD3C657}.Release|x64.Build.0 = Release|x64
		{98CDC108-B51F-467A-9693-DB79BBD3C657}.Release|x86.ActiveCfg = Release|x86
		{98CDC108-B51F-467A-9693-DB79BBD3C657}.Release|x86.Build.0 = Release|x86
	EndGlobalSection
	GlobalSection(SolutionProperties) = preSolution
		HideSolutionNode = FALSE
	EndGlobalSection
EndGlobal
